
Microsoft Visual Studio Solution File, Format Version 12.00
# Visual Studio Version 17
VisualStudioVersion = 17.0.31903.59
MinimumVisualStudioVersion = 10.0.40219.1
Project("{FAE04EC0-301F-11D3-BF4B-00C04F79EFBC}") = "TreeElasticStack", "TreeElasticStack\TreeElasticStack.csproj", "{C179B9AC-C936-4D0E-918D-EB7EBDA50BDD}"
EndProject
Project("{FAE04EC0-301F-11D3-BF4B-00C04F79EFBC}") = "TreeSQL", "TreeSQL\TreeSQL.csproj", "{227A0755-78C6-418B-BADF-D8B052B1595E}"
EndProject
Global
	GlobalSection(SolutionConfigurationPlatforms) = preSolution
		Debug|Any CPU = Debug|Any CPU
		Release|Any CPU = Release|Any CPU
	EndGlobalSection
	GlobalSection(SolutionProperties) = preSolution
		HideSolutionNode = FALSE
	EndGlobalSection
	GlobalSection(ProjectConfigurationPlatforms) = postSolution
		{C179B9AC-C936-4D0E-918D-EB7EBDA50BDD}.Debug|Any CPU.ActiveCfg = Debug|Any CPU
		{C179B9AC-C936-4D0E-918D-EB7EBDA50BDD}.Debug|Any CPU.Build.0 = Debug|Any CPU
		{C179B9AC-C936-4D0E-918D-EB7EBDA50BDD}.Release|Any CPU.ActiveCfg = Release|Any CPU
		{C179B9AC-C936-4D0E-918D-EB7EBDA50BDD}.Release|Any CPU.Build.0 = Release|Any CPU
		{227A0755-78C6-418B-BADF-D8B052B1595E}.Debug|Any CPU.ActiveCfg = Debug|Any CPU
		{227A0755-78C6-418B-BADF-D8B052B1595E}.Debug|Any CPU.Build.0 = Debug|Any CPU
		{227A0755-78C6-418B-BADF-D8B052B1595E}.Release|Any CPU.ActiveCfg = Release|Any CPU
		{227A0755-78C6-418B-BADF-D8B052B1595E}.Release|Any CPU.Build.0 = Release|Any CPU
	EndGlobalSection
EndGlobal
